
Microsoft Visual Studio Solution File, Format Version 12.00
# Visual Studio Version 17
VisualStudioVersion = 17.7.34009.444
MinimumVisualStudioVersion = 10.0.40219.1
Project("{FAE04EC0-301F-11D3-BF4B-00C04F79EFBC}") = "Prac_15", "Prac_15\Prac_15.csproj", "{3BC1EFA9-4010-4CAE-A094-A8161743DFFF}"
EndProject
Project("{FAE04EC0-301F-11D3-BF4B-00C04F79EFBC}") = "Task_2", "Task_2\Task_2.csproj", "{E5CDF339-0FAD-4C42-9AC9-A480E4CF6F08}"
EndProject
Project("{FAE04EC0-301F-11D3-BF4B-00C04F79EFBC}") = "Task_3", "Task_3\Task_3.csproj", "{0BEA954C-D7DB-423B-ADD7-7F25A587FE46}"
EndProject
Project("{FAE04EC0-301F-11D3-BF4B-00C04F79EFBC}") = "Task_4", "Task_4\Task_4.csproj", "{E859B6DD-DCBB-4AF0-AEA6-FFBDAFECF1F9}"
EndProject
Global
	GlobalSection(SolutionConfigurationPlatforms) = preSolution
		Debug|Any CPU = Debug|Any CPU
		Release|Any CPU = Release|Any CPU
	EndGlobalSection
	GlobalSection(ProjectConfigurationPlatforms) = postSolution
		{3BC1EFA9-4010-4CAE-A094-A8161743DFFF}.Debug|Any CPU.ActiveCfg = Debug|Any CPU
		{3BC1EFA9-4010-4CAE-A094-A8161743DFFF}.Debug|Any CPU.Build.0 = Debug|Any CPU
		{3BC1EFA9-4010-4CAE-A094-A8161743DFFF}.Release|Any CPU.ActiveCfg = Release|Any CPU
		{3BC1EFA9-4010-4CAE-A094-A8161743DFFF}.Release|Any CPU.Build.0 = Release|Any CPU
		{E5CDF339-0FAD-4C42-9AC9-A480E4CF6F08}.Debug|Any CPU.ActiveCfg = Debug|Any CPU
		{E5CDF339-0FAD-4C42-9AC9-A480E4CF6F08}.Debug|Any CPU.Build.0 = Debug|Any CPU
		{E5CDF339-0FAD-4C42-9AC9-A480E4CF6F08}.Release|Any CPU.ActiveCfg = Release|Any CPU
		{E5CDF339-0FAD-4C42-9AC9-A480E4CF6F08}.Release|Any CPU.Build.0 = Release|Any CPU
		{0BEA954C-D7DB-423B-ADD7-7F25A587FE46}.Debug|Any CPU.ActiveCfg = Debug|Any CPU
		{0BEA954C-D7DB-423B-ADD7-7F25A587FE46}.Debug|Any CPU.Build.0 = Debug|Any CPU
		{0BEA954C-D7DB-423B-ADD7-7F25A587FE46}.Release|Any CPU.ActiveCfg = Release|Any CPU
		{0BEA954C-D7DB-423B-ADD7-7F25A587FE46}.Release|Any CPU.Build.0 = Release|Any CPU
		{E859B6DD-DCBB-4AF0-AEA6-FFBDAFECF1F9}.Debug|Any CPU.ActiveCfg = Debug|Any CPU
		{E859B6DD-DCBB-4AF0-AEA6-FFBDAFECF1F9}.Debug|Any CPU.Build.0 = Debug|Any CPU
		{E859B6DD-DCBB-4AF0-AEA6-FFBDAFECF1F9}.Release|Any CPU.ActiveCfg = Release|Any CPU
		{E859B6DD-DCBB-4AF0-AEA6-FFBDAFECF1F9}.Release|Any CPU.Build.0 = Release|Any CPU
	EndGlobalSection
	GlobalSection(SolutionProperties) = preSolution
		HideSolutionNode = FALSE
	EndGlobalSection
	GlobalSection(ExtensibilityGlobals) = postSolution
		SolutionGuid = {C1A16468-0E3C-4980-8767-4556D644A4F9}
	EndGlobalSection
EndGlobal
